# THIS IS AN AUTOGENERATED FILE. DO NOT EDIT THIS FILE DIRECTLY.
# yarn lockfile v1


htm@~2.2.1:
  version "2.2.1"
  resolved "https://registry.yarnpkg.com/htm/-/htm-2.2.1.tgz#02ae7459901b3956aeaf6c7ae627fb6905dc7607"
  integrity sha512-nPWqBlSbdSHaT2d/cpFRpZLqH5BcdaRcXaicyAtXbkIsIiXLnstPPg0fEX3I8SrlY16FSzb1FLK44uk25xhMvw==

preact@~10.2.1:
  version "10.2.1"
  resolved "https://registry.yarnpkg.com/preact/-/preact-10.2.1.tgz#b30eb4cdc455499ee2ff82e0fa1a16fc8e20f3a4"
  integrity sha512-BUNvmQcVtNElku7mYHexIiM5JlGNSW2BY9O2t9xk1NqA43O8wbE0cah6PAlvT7PBHvyDRJ5TAj5Fewdi9DqLoQ==
